// !$*UTF8*$!
{
	archiveVersion = 1;
	classes = {
	};
	objectVersion = 51;
	objects = {

/* Begin PBXBuildFile section */
		EDD50B9197B623931941EAE4 /* Pods_iphone_engineer_matching.framework in Frameworks */ = {isa = PBXBuildFile; fileRef = 13BA3D868F451F0793960B65 /* Pods_iphone_engineer_matching.framework */; };
		F6235FF72614244400C74916 /* AppDelegate.swift in Sources */ = {isa = PBXBuildFile; fileRef = F6235FF62614244400C74916 /* AppDelegate.swift */; };
		F6235FF92614244400C74916 /* SceneDelegate.swift in Sources */ = {isa = PBXBuildFile; fileRef = F6235FF82614244400C74916 /* SceneDelegate.swift */; };
		F6235FFB2614244400C74916 /* ViewController.swift in Sources */ = {isa = PBXBuildFile; fileRef = F6235FFA2614244400C74916 /* ViewController.swift */; };
		F6235FFE2614244400C74916 /* Main.storyboard in Resources */ = {isa = PBXBuildFile; fileRef = F6235FFC2614244400C74916 /* Main.storyboard */; };
		F62360002614244500C74916 /* Assets.xcassets in Resources */ = {isa = PBXBuildFile; fileRef = F6235FFF2614244500C74916 /* Assets.xcassets */; };
		F62360032614244500C74916 /* LaunchScreen.storyboard in Resources */ = {isa = PBXBuildFile; fileRef = F62360012614244500C74916 /* LaunchScreen.storyboard */; };
		F623600C26142BE700C74916 /* GoogleService-Info.plist in Resources */ = {isa = PBXBuildFile; fileRef = F623600B26142BE700C74916 /* GoogleService-Info.plist */; };
		F62360292614662700C74916 /* SettingViewController.swift in Sources */ = {isa = PBXBuildFile; fileRef = F62360282614662700C74916 /* SettingViewController.swift */; };
		F623602C2614665B00C74916 /* HomeViewController.swift in Sources */ = {isa = PBXBuildFile; fileRef = F623602B2614665B00C74916 /* HomeViewController.swift */; };
		F623602F261466BA00C74916 /* LoginViewController.swift in Sources */ = {isa = PBXBuildFile; fileRef = F623602E261466BA00C74916 /* LoginViewController.swift */; };
		F62360352614671B00C74916 /* DetailsViewController.swift in Sources */ = {isa = PBXBuildFile; fileRef = F62360342614671B00C74916 /* DetailsViewController.swift */; };
		F62360382614673C00C74916 /* ZoomViewController.swift in Sources */ = {isa = PBXBuildFile; fileRef = F62360372614673C00C74916 /* ZoomViewController.swift */; };
		F623603B2614676800C74916 /* MypageViewController.swift in Sources */ = {isa = PBXBuildFile; fileRef = F623603A2614676800C74916 /* MypageViewController.swift */; };
		F623603E261467A700C74916 /* PostManagementViewController.swift in Sources */ = {isa = PBXBuildFile; fileRef = F623603D261467A700C74916 /* PostManagementViewController.swift */; };
		F6236041261467FD00C74916 /* UserDetailsViewController.swift in Sources */ = {isa = PBXBuildFile; fileRef = F6236040261467FD00C74916 /* UserDetailsViewController.swift */; };
		F62360442614686D00C74916 /* PostViewController.swift in Sources */ = {isa = PBXBuildFile; fileRef = F62360432614686D00C74916 /* PostViewController.swift */; };
		F6236052261476BD00C74916 /* TabBarController.swift in Sources */ = {isa = PBXBuildFile; fileRef = F6236051261476BD00C74916 /* TabBarController.swift */; };
		F623606F2615979600C74916 /* postData.swift in Sources */ = {isa = PBXBuildFile; fileRef = F623606E2615979600C74916 /* postData.swift */; };
		F623607326159B5D00C74916 /* PostTableViewCell.swift in Sources */ = {isa = PBXBuildFile; fileRef = F623607126159B5D00C74916 /* PostTableViewCell.swift */; };
		F623607426159B5D00C74916 /* PostTableViewCell.xib in Resources */ = {isa = PBXBuildFile; fileRef = F623607226159B5D00C74916 /* PostTableViewCell.xib */; };
		F62360772616C0E400C74916 /* Const.swift in Sources */ = {isa = PBXBuildFile; fileRef = F62360762616C0E400C74916 /* Const.swift */; };
		F623607A2616CCE100C74916 /* 1.jpg in Resources */ = {isa = PBXBuildFile; fileRef = F62360792616CCE100C74916 /* 1.jpg */; };
		F677171326229E9200D0C2F6 /* User.swift in Sources */ = {isa = PBXBuildFile; fileRef = F677171226229E9200D0C2F6 /* User.swift */; };
		F67717172622A30700D0C2F6 /* ChatRoom.swift in Sources */ = {isa = PBXBuildFile; fileRef = F67717162622A30700D0C2F6 /* ChatRoom.swift */; };
		F677171F2624499600D0C2F6 /* Message.swift in Sources */ = {isa = PBXBuildFile; fileRef = F677171E2624499600D0C2F6 /* Message.swift */; };
		F6F688992619A8C6001D611B /* FavoriteIndexViewController.swift in Sources */ = {isa = PBXBuildFile; fileRef = F6F688982619A8C6001D611B /* FavoriteIndexViewController.swift */; };
		F6F688BA261D5E64001D611B /* UIColor-Extention.swift in Sources */ = {isa = PBXBuildFile; fileRef = F6F688B9261D5E64001D611B /* UIColor-Extention.swift */; };
		F6F688BD261D66E1001D611B /* ChatRoomViewController.swift in Sources */ = {isa = PBXBuildFile; fileRef = F6F688BC261D66E1001D611B /* ChatRoomViewController.swift */; };
		F6F688CF261D7789001D611B /* ChatRoomTableViewCell.xib in Resources */ = {isa = PBXBuildFile; fileRef = F6F688CE261D7789001D611B /* ChatRoomTableViewCell.xib */; };
		F6F688D5261D78AD001D611B /* ChatListViewController.swift in Sources */ = {isa = PBXBuildFile; fileRef = F6F688D4261D78AD001D611B /* ChatListViewController.swift */; };
		F6F688D8261D7C9F001D611B /* ChatRoomTableViewCell.swift in Sources */ = {isa = PBXBuildFile; fileRef = F6F688D7261D7C9F001D611B /* ChatRoomTableViewCell.swift */; };
		F6F688E3261EC366001D611B /* ChatInputAccessoryView.xib in Resources */ = {isa = PBXBuildFile; fileRef = F6F688E2261EC366001D611B /* ChatInputAccessoryView.xib */; };
		F6F688E7261EC67B001D611B /* ChatInputAccessoryView.swift in Sources */ = {isa = PBXBuildFile; fileRef = F6F688E6261EC67A001D611B /* ChatInputAccessoryView.swift */; };
/* End PBXBuildFile section */

/* Begin PBXFileReference section */
		13BA3D868F451F0793960B65 /* Pods_iphone_engineer_matching.framework */ = {isa = PBXFileReference; explicitFileType = wrapper.framework; includeInIndex = 0; path = Pods_iphone_engineer_matching.framework; sourceTree = BUILT_PRODUCTS_DIR; };
		A82410B3A4B15524137D980E /* Pods-iphone-engineer-matching.debug.xcconfig */ = {isa = PBXFileReference; includeInIndex = 1; lastKnownFileType = text.xcconfig; name = "Pods-iphone-engineer-matching.debug.xcconfig"; path = "Target Support Files/Pods-iphone-engineer-matching/Pods-iphone-engineer-matching.debug.xcconfig"; sourceTree = "<group>"; };
		B740298D4BCD1B3D3B88B63D /* Pods-iphone-engineer-matching.release.xcconfig */ = {isa = PBXFileReference; includeInIndex = 1; lastKnownFileType = text.xcconfig; name = "Pods-iphone-engineer-matching.release.xcconfig"; path = "Target Support Files/Pods-iphone-engineer-matching/Pods-iphone-engineer-matching.release.xcconfig"; sourceTree = "<group>"; };
		F6235FF32614244400C74916 /* iphone-engineer-matching.app */ = {isa = PBXFileReference; explicitFileType = wrapper.application; includeInIndex = 0; path = "iphone-engineer-matching.app"; sourceTree = BUILT_PRODUCTS_DIR; };
		F6235FF62614244400C74916 /* AppDelegate.swift */ = {isa = PBXFileReference; lastKnownFileType = sourcecode.swift; path = AppDelegate.swift; sourceTree = "<group>"; };
		F6235FF82614244400C74916 /* SceneDelegate.swift */ = {isa = PBXFileReference; lastKnownFileType = sourcecode.swift; path = SceneDelegate.swift; sourceTree = "<group>"; };
		F6235FFA2614244400C74916 /* ViewController.swift */ = {isa = PBXFileReference; lastKnownFileType = sourcecode.swift; path = ViewController.swift; sourceTree = "<group>"; };
		F6235FFD2614244400C74916 /* Base */ = {isa = PBXFileReference; lastKnownFileType = file.storyboard; name = Base; path = Base.lproj/Main.storyboard; sourceTree = "<group>"; };
		F6235FFF2614244500C74916 /* Assets.xcassets */ = {isa = PBXFileReference; lastKnownFileType = folder.assetcatalog; path = Assets.xcassets; sourceTree = "<group>"; };
		F62360022614244500C74916 /* Base */ = {isa = PBXFileReference; lastKnownFileType = file.storyboard; name = Base; path = Base.lproj/LaunchScreen.storyboard; sourceTree = "<group>"; };
		F62360042614244500C74916 /* Info.plist */ = {isa = PBXFileReference; lastKnownFileType = text.plist.xml; path = Info.plist; sourceTree = "<group>"; };
		F623600B26142BE700C74916 /* GoogleService-Info.plist */ = {isa = PBXFileReference; fileEncoding = 4; lastKnownFileType = text.plist.xml; path = "GoogleService-Info.plist"; sourceTree = "<group>"; };
		F62360282614662700C74916 /* SettingViewController.swift */ = {isa = PBXFileReference; lastKnownFileType = sourcecode.swift; path = SettingViewController.swift; sourceTree = "<group>"; };
		F623602B2614665B00C74916 /* HomeViewController.swift */ = {isa = PBXFileReference; lastKnownFileType = sourcecode.swift; path = HomeViewController.swift; sourceTree = "<group>"; };
		F623602E261466BA00C74916 /* LoginViewController.swift */ = {isa = PBXFileReference; lastKnownFileType = sourcecode.swift; path = LoginViewController.swift; sourceTree = "<group>"; };
		F62360342614671B00C74916 /* DetailsViewController.swift */ = {isa = PBXFileReference; lastKnownFileType = sourcecode.swift; path = DetailsViewController.swift; sourceTree = "<group>"; };
		F62360372614673C00C74916 /* ZoomViewController.swift */ = {isa = PBXFileReference; lastKnownFileType = sourcecode.swift; path = ZoomViewController.swift; sourceTree = "<group>"; };
		F623603A2614676800C74916 /* MypageViewController.swift */ = {isa = PBXFileReference; lastKnownFileType = sourcecode.swift; path = MypageViewController.swift; sourceTree = "<group>"; };
		F623603D261467A700C74916 /* PostManagementViewController.swift */ = {isa = PBXFileReference; lastKnownFileType = sourcecode.swift; path = PostManagementViewController.swift; sourceTree = "<group>"; };
		F6236040261467FD00C74916 /* UserDetailsViewController.swift */ = {isa = PBXFileReference; lastKnownFileType = sourcecode.swift; path = UserDetailsViewController.swift; sourceTree = "<group>"; };
		F62360432614686D00C74916 /* PostViewController.swift */ = {isa = PBXFileReference; lastKnownFileType = sourcecode.swift; path = PostViewController.swift; sourceTree = "<group>"; };
		F6236051261476BD00C74916 /* TabBarController.swift */ = {isa = PBXFileReference; lastKnownFileType = sourcecode.swift; path = TabBarController.swift; sourceTree = "<group>"; };
		F623606E2615979600C74916 /* postData.swift */ = {isa = PBXFileReference; lastKnownFileType = sourcecode.swift; path = postData.swift; sourceTree = "<group>"; };
		F623607126159B5D00C74916 /* PostTableViewCell.swift */ = {isa = PBXFileReference; lastKnownFileType = sourcecode.swift; path = PostTableViewCell.swift; sourceTree = "<group>"; };
		F623607226159B5D00C74916 /* PostTableViewCell.xib */ = {isa = PBXFileReference; lastKnownFileType = file.xib; path = PostTableViewCell.xib; sourceTree = "<group>"; };
		F62360762616C0E400C74916 /* Const.swift */ = {isa = PBXFileReference; lastKnownFileType = sourcecode.swift; path = Const.swift; sourceTree = "<group>"; };
		F62360792616CCE100C74916 /* 1.jpg */ = {isa = PBXFileReference; lastKnownFileType = image.jpeg; path = 1.jpg; sourceTree = "<group>"; };
		F677171226229E9200D0C2F6 /* User.swift */ = {isa = PBXFileReference; lastKnownFileType = sourcecode.swift; path = User.swift; sourceTree = "<group>"; };
		F67717162622A30700D0C2F6 /* ChatRoom.swift */ = {isa = PBXFileReference; lastKnownFileType = sourcecode.swift; path = ChatRoom.swift; sourceTree = "<group>"; };
		F677171E2624499600D0C2F6 /* Message.swift */ = {isa = PBXFileReference; lastKnownFileType = sourcecode.swift; path = Message.swift; sourceTree = "<group>"; };
		F6F688982619A8C6001D611B /* FavoriteIndexViewController.swift */ = {isa = PBXFileReference; lastKnownFileType = sourcecode.swift; path = FavoriteIndexViewController.swift; sourceTree = "<group>"; };
		F6F688B9261D5E64001D611B /* UIColor-Extention.swift */ = {isa = PBXFileReference; lastKnownFileType = sourcecode.swift; path = "UIColor-Extention.swift"; sourceTree = "<group>"; };
		F6F688BC261D66E1001D611B /* ChatRoomViewController.swift */ = {isa = PBXFileReference; lastKnownFileType = sourcecode.swift; path = ChatRoomViewController.swift; sourceTree = "<group>"; };
		F6F688CE261D7789001D611B /* ChatRoomTableViewCell.xib */ = {isa = PBXFileReference; lastKnownFileType = file.xib; path = ChatRoomTableViewCell.xib; sourceTree = "<group>"; };
		F6F688D4261D78AD001D611B /* ChatListViewController.swift */ = {isa = PBXFileReference; lastKnownFileType = sourcecode.swift; path = ChatListViewController.swift; sourceTree = "<group>"; };
		F6F688D7261D7C9F001D611B /* ChatRoomTableViewCell.swift */ = {isa = PBXFileReference; lastKnownFileType = sourcecode.swift; path = ChatRoomTableViewCell.swift; sourceTree = "<group>"; };
		F6F688E2261EC366001D611B /* ChatInputAccessoryView.xib */ = {isa = PBXFileReference; lastKnownFileType = file.xib; path = ChatInputAccessoryView.xib; sourceTree = "<group>"; };
		F6F688E6261EC67A001D611B /* ChatInputAccessoryView.swift */ = {isa = PBXFileReference; lastKnownFileType = sourcecode.swift; path = ChatInputAccessoryView.swift; sourceTree = "<group>"; };
/* End PBXFileReference section */

/* Begin PBXFrameworksBuildPhase section */
		F6235FF02614244400C74916 /* Frameworks */ = {
			isa = PBXFrameworksBuildPhase;
			buildActionMask = 2147483647;
			files = (
				EDD50B9197B623931941EAE4 /* Pods_iphone_engineer_matching.framework in Frameworks */,
			);
			runOnlyForDeploymentPostprocessing = 0;
		};
/* End PBXFrameworksBuildPhase section */

/* Begin PBXGroup section */
		750332023E6C50535EFD0B4C /* Pods */ = {
			isa = PBXGroup;
			children = (
				A82410B3A4B15524137D980E /* Pods-iphone-engineer-matching.debug.xcconfig */,
				B740298D4BCD1B3D3B88B63D /* Pods-iphone-engineer-matching.release.xcconfig */,
			);
			path = Pods;
			sourceTree = "<group>";
		};
		B7D1588D50CA6F5CECFBC1F8 /* Frameworks */ = {
			isa = PBXGroup;
			children = (
				13BA3D868F451F0793960B65 /* Pods_iphone_engineer_matching.framework */,
			);
			name = Frameworks;
			sourceTree = "<group>";
		};
		F6235FEA2614244400C74916 = {
			isa = PBXGroup;
			children = (
				F6235FF52614244400C74916 /* iphone-engineer-matching */,
				F6235FF42614244400C74916 /* Products */,
				750332023E6C50535EFD0B4C /* Pods */,
				B7D1588D50CA6F5CECFBC1F8 /* Frameworks */,
			);
			sourceTree = "<group>";
		};
		F6235FF42614244400C74916 /* Products */ = {
			isa = PBXGroup;
			children = (
				F6235FF32614244400C74916 /* iphone-engineer-matching.app */,
			);
			name = Products;
			sourceTree = "<group>";
		};
		F6235FF52614244400C74916 /* iphone-engineer-matching */ = {
			isa = PBXGroup;
			children = (
				F677171126229E7700D0C2F6 /* Model */,
				F6F688E1261EC2CD001D611B /* Views */,
				F6F688E0261EC27B001D611B /* Extentions */,
				F6F688CA261D7703001D611B /* Controllers */,
				F6F688DF261EC1DC001D611B /* StoryBoards */,
				F6F688DD261EC1AB001D611B /* Xibs */,
				F6235FFF2614244500C74916 /* Assets.xcassets */,
				F623600B26142BE700C74916 /* GoogleService-Info.plist */,
				F62360042614244500C74916 /* Info.plist */,
				F62360792616CCE100C74916 /* 1.jpg */,
				F6235FF62614244400C74916 /* AppDelegate.swift */,
				F6235FF82614244400C74916 /* SceneDelegate.swift */,
				F62360762616C0E400C74916 /* Const.swift */,
			);
			path = "iphone-engineer-matching";
			sourceTree = "<group>";
		};
		F677171126229E7700D0C2F6 /* Model */ = {
			isa = PBXGroup;
			children = (
				F623606E2615979600C74916 /* postData.swift */,
				F677171226229E9200D0C2F6 /* User.swift */,
				F67717162622A30700D0C2F6 /* ChatRoom.swift */,
				F677171E2624499600D0C2F6 /* Message.swift */,
			);
			path = Model;
			sourceTree = "<group>";
		};
		F677171A2623096200D0C2F6 /* Chat */ = {
			isa = PBXGroup;
			children = (
				F6F688BC261D66E1001D611B /* ChatRoomViewController.swift */,
				F6F688D4261D78AD001D611B /* ChatListViewController.swift */,
			);
			path = Chat;
			sourceTree = "<group>";
		};
		F677171B262309B500D0C2F6 /* Post */ = {
			isa = PBXGroup;
			children = (
				F6236051261476BD00C74916 /* TabBarController.swift */,
				F62360282614662700C74916 /* SettingViewController.swift */,
				F6F688982619A8C6001D611B /* FavoriteIndexViewController.swift */,
				F6235FFA2614244400C74916 /* ViewController.swift */,
				F62360342614671B00C74916 /* DetailsViewController.swift */,
				F623603D261467A700C74916 /* PostManagementViewController.swift */,
				F623602B2614665B00C74916 /* HomeViewController.swift */,
				F62360372614673C00C74916 /* ZoomViewController.swift */,
				F623602E261466BA00C74916 /* LoginViewController.swift */,
				F62360432614686D00C74916 /* PostViewController.swift */,
				F623603A2614676800C74916 /* MypageViewController.swift */,
				F6236040261467FD00C74916 /* UserDetailsViewController.swift */,
			);
			path = Post;
			sourceTree = "<group>";
		};
		F6F688CA261D7703001D611B /* Controllers */ = {
			isa = PBXGroup;
			children = (
				F677171B262309B500D0C2F6 /* Post */,
				F677171A2623096200D0C2F6 /* Chat */,
			);
			path = Controllers;
			sourceTree = "<group>";
		};
		F6F688DD261EC1AB001D611B /* Xibs */ = {
			isa = PBXGroup;
			children = (
				F6F688CE261D7789001D611B /* ChatRoomTableViewCell.xib */,
				F623607226159B5D00C74916 /* PostTableViewCell.xib */,
				F6F688E2261EC366001D611B /* ChatInputAccessoryView.xib */,
			);
			path = Xibs;
			sourceTree = "<group>";
		};
		F6F688DF261EC1DC001D611B /* StoryBoards */ = {
			isa = PBXGroup;
			children = (
				F62360012614244500C74916 /* LaunchScreen.storyboard */,
				F6235FFC2614244400C74916 /* Main.storyboard */,
			);
			path = StoryBoards;
			sourceTree = "<group>";
		};
		F6F688E0261EC27B001D611B /* Extentions */ = {
			isa = PBXGroup;
			children = (
				F6F688B9261D5E64001D611B /* UIColor-Extention.swift */,
			);
			path = Extentions;
			sourceTree = "<group>";
		};
		F6F688E1261EC2CD001D611B /* Views */ = {
			isa = PBXGroup;
			children = (
				F623607126159B5D00C74916 /* PostTableViewCell.swift */,
				F6F688D7261D7C9F001D611B /* ChatRoomTableViewCell.swift */,
				F6F688E6261EC67A001D611B /* ChatInputAccessoryView.swift */,
			);
			path = Views;
			sourceTree = "<group>";
		};
/* End PBXGroup section */

/* Begin PBXNativeTarget section */
		F6235FF22614244400C74916 /* iphone-engineer-matching */ = {
			isa = PBXNativeTarget;
			buildConfigurationList = F62360072614244500C74916 /* Build configuration list for PBXNativeTarget "iphone-engineer-matching" */;
			buildPhases = (
				7B241647FFF96850BBADFB05 /* [CP] Check Pods Manifest.lock */,
				F6235FEF2614244400C74916 /* Sources */,
				F6235FF02614244400C74916 /* Frameworks */,
				F6235FF12614244400C74916 /* Resources */,
				DEEEEFF792D76FFA31027C41 /* [CP] Embed Pods Frameworks */,
			);
			buildRules = (
			);
			dependencies = (
			);
			name = "iphone-engineer-matching";
			productName = "iphone-engineer-matching";
			productReference = F6235FF32614244400C74916 /* iphone-engineer-matching.app */;
			productType = "com.apple.product-type.application";
		};
/* End PBXNativeTarget section */

/* Begin PBXProject section */
		F6235FEB2614244400C74916 /* Project object */ = {
			isa = PBXProject;
			attributes = {
				LastSwiftUpdateCheck = 1220;
				LastUpgradeCheck = 1220;
				TargetAttributes = {
					F6235FF22614244400C74916 = {
						CreatedOnToolsVersion = 12.2;
					};
				};
			};
			buildConfigurationList = F6235FEE2614244400C74916 /* Build configuration list for PBXProject "iphone-engineer-matching" */;
			compatibilityVersion = "Xcode 9.3";
			developmentRegion = en;
			hasScannedForEncodings = 0;
			knownRegions = (
				en,
				Base,
			);
			mainGroup = F6235FEA2614244400C74916;
			productRefGroup = F6235FF42614244400C74916 /* Products */;
			projectDirPath = "";
			projectRoot = "";
			targets = (
				F6235FF22614244400C74916 /* iphone-engineer-matching */,
			);
		};
/* End PBXProject section */

/* Begin PBXResourcesBuildPhase section */
		F6235FF12614244400C74916 /* Resources */ = {
			isa = PBXResourcesBuildPhase;
			buildActionMask = 2147483647;
			files = (
				F62360032614244500C74916 /* LaunchScreen.storyboard in Resources */,
				F623607426159B5D00C74916 /* PostTableViewCell.xib in Resources */,
				F6F688E3261EC366001D611B /* ChatInputAccessoryView.xib in Resources */,
				F6F688CF261D7789001D611B /* ChatRoomTableViewCell.xib in Resources */,
				F62360002614244500C74916 /* Assets.xcassets in Resources */,
				F6235FFE2614244400C74916 /* Main.storyboard in Resources */,
				F623600C26142BE700C74916 /* GoogleService-Info.plist in Resources */,
				F623607A2616CCE100C74916 /* 1.jpg in Resources */,
			);
			runOnlyForDeploymentPostprocessing = 0;
		};
/* End PBXResourcesBuildPhase section */

/* Begin PBXShellScriptBuildPhase section */
		7B241647FFF96850BBADFB05 /* [CP] Check Pods Manifest.lock */ = {
			isa = PBXShellScriptBuildPhase;
			buildActionMask = 2147483647;
			files = (
			);
			inputFileListPaths = (
			);
			inputPaths = (
				"${PODS_PODFILE_DIR_PATH}/Podfile.lock",
				"${PODS_ROOT}/Manifest.lock",
			);
			name = "[CP] Check Pods Manifest.lock";
			outputFileListPaths = (
			);
			outputPaths = (
				"$(DERIVED_FILE_DIR)/Pods-iphone-engineer-matching-checkManifestLockResult.txt",
			);
			runOnlyForDeploymentPostprocessing = 0;
			shellPath = /bin/sh;
			shellScript = "diff \"${PODS_PODFILE_DIR_PATH}/Podfile.lock\" \"${PODS_ROOT}/Manifest.lock\" > /dev/null\nif [ $? != 0 ] ; then\n    # print error to STDERR\n    echo \"error: The sandbox is not in sync with the Podfile.lock. Run 'pod install' or update your CocoaPods installation.\" >&2\n    exit 1\nfi\n# This output is used by Xcode 'outputs' to avoid re-running this script phase.\necho \"SUCCESS\" > \"${SCRIPT_OUTPUT_FILE_0}\"\n";
			showEnvVarsInLog = 0;
		};
		DEEEEFF792D76FFA31027C41 /* [CP] Embed Pods Frameworks */ = {
			isa = PBXShellScriptBuildPhase;
			buildActionMask = 2147483647;
			files = (
			);
			inputFileListPaths = (
				"${PODS_ROOT}/Target Support Files/Pods-iphone-engineer-matching/Pods-iphone-engineer-matching-frameworks-${CONFIGURATION}-input-files.xcfilelist",
			);
			name = "[CP] Embed Pods Frameworks";
			outputFileListPaths = (
				"${PODS_ROOT}/Target Support Files/Pods-iphone-engineer-matching/Pods-iphone-engineer-matching-frameworks-${CONFIGURATION}-output-files.xcfilelist",
			);
			runOnlyForDeploymentPostprocessing = 0;
			shellPath = /bin/sh;
			shellScript = "\"${PODS_ROOT}/Target Support Files/Pods-iphone-engineer-matching/Pods-iphone-engineer-matching-frameworks.sh\"\n";
			showEnvVarsInLog = 0;
		};
/* End PBXShellScriptBuildPhase section */

/* Begin PBXSourcesBuildPhase section */
		F6235FEF2614244400C74916 /* Sources */ = {
			isa = PBXSourcesBuildPhase;
			buildActionMask = 2147483647;
			files = (
				F677171326229E9200D0C2F6 /* User.swift in Sources */,
				F623602F261466BA00C74916 /* LoginViewController.swift in Sources */,
				F62360382614673C00C74916 /* ZoomViewController.swift in Sources */,
				F623607326159B5D00C74916 /* PostTableViewCell.swift in Sources */,
				F6236041261467FD00C74916 /* UserDetailsViewController.swift in Sources */,
				F6F688BA261D5E64001D611B /* UIColor-Extention.swift in Sources */,
				F6F688D5261D78AD001D611B /* ChatListViewController.swift in Sources */,
				F6236052261476BD00C74916 /* TabBarController.swift in Sources */,
				F6F688992619A8C6001D611B /* FavoriteIndexViewController.swift in Sources */,
				F67717172622A30700D0C2F6 /* ChatRoom.swift in Sources */,
				F62360442614686D00C74916 /* PostViewController.swift in Sources */,
				F623602C2614665B00C74916 /* HomeViewController.swift in Sources */,
				F6235FFB2614244400C74916 /* ViewController.swift in Sources */,
				F677171F2624499600D0C2F6 /* Message.swift in Sources */,
				F62360352614671B00C74916 /* DetailsViewController.swift in Sources */,
				F623603E261467A700C74916 /* PostManagementViewController.swift in Sources */,
				F623606F2615979600C74916 /* postData.swift in Sources */,
				F623603B2614676800C74916 /* MypageViewController.swift in Sources */,
				F6235FF72614244400C74916 /* AppDelegate.swift in Sources */,
				F6235FF92614244400C74916 /* SceneDelegate.swift in Sources */,
				F6F688BD261D66E1001D611B /* ChatRoomViewController.swift in Sources */,
				F62360292614662700C74916 /* SettingViewController.swift in Sources */,
				F62360772616C0E400C74916 /* Const.swift in Sources */,
				F6F688D8261D7C9F001D611B /* ChatRoomTableViewCell.swift in Sources */,
				F6F688E7261EC67B001D611B /* ChatInputAccessoryView.swift in Sources */,
			);
			runOnlyForDeploymentPostprocessing = 0;
		};
/* End PBXSourcesBuildPhase section */

/* Begin PBXVariantGroup section */
		F6235FFC2614244400C74916 /* Main.storyboard */ = {
			isa = PBXVariantGroup;
			children = (
				F6235FFD2614244400C74916 /* Base */,
			);
			name = Main.storyboard;
			sourceTree = "<group>";
		};
		F62360012614244500C74916 /* LaunchScreen.storyboard */ = {
			isa = PBXVariantGroup;
			children = (
				F62360022614244500C74916 /* Base */,
			);
			name = LaunchScreen.storyboard;
			sourceTree = "<group>";
		};
/* End PBXVariantGroup section */

/* Begin XCBuildConfiguration section */
		F62360052614244500C74916 /* Debug */ = {
			isa = XCBuildConfiguration;
			buildSettings = {
				ALWAYS_SEARCH_USER_PATHS = NO;
				CLANG_ANALYZER_NONNULL = YES;
				CLANG_ANALYZER_NUMBER_OBJECT_CONVERSION = YES_AGGRESSIVE;
				CLANG_CXX_LANGUAGE_STANDARD = "gnu++14";
				CLANG_CXX_LIBRARY = "libc++";
				CLANG_ENABLE_MODULES = YES;
				CLANG_ENABLE_OBJC_ARC = YES;
				CLANG_ENABLE_OBJC_WEAK = YES;
				CLANG_WARN_BLOCK_CAPTURE_AUTORELEASING = YES;
				CLANG_WARN_BOOL_CONVERSION = YES;
				CLANG_WARN_COMMA = YES;
				CLANG_WARN_CONSTANT_CONVERSION = YES;
				CLANG_WARN_DEPRECATED_OBJC_IMPLEMENTATIONS = YES;
				CLANG_WARN_DIRECT_OBJC_ISA_USAGE = YES_ERROR;
				CLANG_WARN_DOCUMENTATION_COMMENTS = YES;
				CLANG_WARN_EMPTY_BODY = YES;
				CLANG_WARN_ENUM_CONVERSION = YES;
				CLANG_WARN_INFINITE_RECURSION = YES;
				CLANG_WARN_INT_CONVERSION = YES;
				CLANG_WARN_NON_LITERAL_NULL_CONVERSION = YES;
				CLANG_WARN_OBJC_IMPLICIT_RETAIN_SELF = YES;
				CLANG_WARN_OBJC_LITERAL_CONVERSION = YES;
				CLANG_WARN_OBJC_ROOT_CLASS = YES_ERROR;
				CLANG_WARN_QUOTED_INCLUDE_IN_FRAMEWORK_HEADER = YES;
				CLANG_WARN_RANGE_LOOP_ANALYSIS = YES;
				CLANG_WARN_STRICT_PROTOTYPES = YES;
				CLANG_WARN_SUSPICIOUS_MOVE = YES;
				CLANG_WARN_UNGUARDED_AVAILABILITY = YES_AGGRESSIVE;
				CLANG_WARN_UNREACHABLE_CODE = YES;
				CLANG_WARN__DUPLICATE_METHOD_MATCH = YES;
				COPY_PHASE_STRIP = NO;
				DEBUG_INFORMATION_FORMAT = dwarf;
				ENABLE_STRICT_OBJC_MSGSEND = YES;
				ENABLE_TESTABILITY = YES;
				GCC_C_LANGUAGE_STANDARD = gnu11;
				GCC_DYNAMIC_NO_PIC = NO;
				GCC_NO_COMMON_BLOCKS = YES;
				GCC_OPTIMIZATION_LEVEL = 0;
				GCC_PREPROCESSOR_DEFINITIONS = (
					"DEBUG=1",
					"$(inherited)",
				);
				GCC_WARN_64_TO_32_BIT_CONVERSION = YES;
				GCC_WARN_ABOUT_RETURN_TYPE = YES_ERROR;
				GCC_WARN_UNDECLARED_SELECTOR = YES;
				GCC_WARN_UNINITIALIZED_AUTOS = YES_AGGRESSIVE;
				GCC_WARN_UNUSED_FUNCTION = YES;
				GCC_WARN_UNUSED_VARIABLE = YES;
				IPHONEOS_DEPLOYMENT_TARGET = 14.2;
				MTL_ENABLE_DEBUG_INFO = INCLUDE_SOURCE;
				MTL_FAST_MATH = YES;
				ONLY_ACTIVE_ARCH = YES;
				SDKROOT = iphoneos;
				SWIFT_ACTIVE_COMPILATION_CONDITIONS = DEBUG;
				SWIFT_OPTIMIZATION_LEVEL = "-Onone";
			};
			name = Debug;
		};
		F62360062614244500C74916 /* Release */ = {
			isa = XCBuildConfiguration;
			buildSettings = {
				ALWAYS_SEARCH_USER_PATHS = NO;
				CLANG_ANALYZER_NONNULL = YES;
				CLANG_ANALYZER_NUMBER_OBJECT_CONVERSION = YES_AGGRESSIVE;
				CLANG_CXX_LANGUAGE_STANDARD = "gnu++14";
				CLANG_CXX_LIBRARY = "libc++";
				CLANG_ENABLE_MODULES = YES;
				CLANG_ENABLE_OBJC_ARC = YES;
				CLANG_ENABLE_OBJC_WEAK = YES;
				CLANG_WARN_BLOCK_CAPTURE_AUTORELEASING = YES;
				CLANG_WARN_BOOL_CONVERSION = YES;
				CLANG_WARN_COMMA = YES;
				CLANG_WARN_CONSTANT_CONVERSION = YES;
				CLANG_WARN_DEPRECATED_OBJC_IMPLEMENTATIONS = YES;
				CLANG_WARN_DIRECT_OBJC_ISA_USAGE = YES_ERROR;
				CLANG_WARN_DOCUMENTATION_COMMENTS = YES;
				CLANG_WARN_EMPTY_BODY = YES;
				CLANG_WARN_ENUM_CONVERSION = YES;
				CLANG_WARN_INFINITE_RECURSION = YES;
				CLANG_WARN_INT_CONVERSION = YES;
				CLANG_WARN_NON_LITERAL_NULL_CONVERSION = YES;
				CLANG_WARN_OBJC_IMPLICIT_RETAIN_SELF = YES;
				CLANG_WARN_OBJC_LITERAL_CONVERSION = YES;
				CLANG_WARN_OBJC_ROOT_CLASS = YES_ERROR;
				CLANG_WARN_QUOTED_INCLUDE_IN_FRAMEWORK_HEADER = YES;
				CLANG_WARN_RANGE_LOOP_ANALYSIS = YES;
				CLANG_WARN_STRICT_PROTOTYPES = YES;
				CLANG_WARN_SUSPICIOUS_MOVE = YES;
				CLANG_WARN_UNGUARDED_AVAILABILITY = YES_AGGRESSIVE;
				CLANG_WARN_UNREACHABLE_CODE = YES;
				CLANG_WARN__DUPLICATE_METHOD_MATCH = YES;
				COPY_PHASE_STRIP = NO;
				DEBUG_INFORMATION_FORMAT = "dwarf-with-dsym";
				ENABLE_NS_ASSERTIONS = NO;
				ENABLE_STRICT_OBJC_MSGSEND = YES;
				GCC_C_LANGUAGE_STANDARD = gnu11;
				GCC_NO_COMMON_BLOCKS = YES;
				GCC_WARN_64_TO_32_BIT_CONVERSION = YES;
				GCC_WARN_ABOUT_RETURN_TYPE = YES_ERROR;
				GCC_WARN_UNDECLARED_SELECTOR = YES;
				GCC_WARN_UNINITIALIZED_AUTOS = YES_AGGRESSIVE;
				GCC_WARN_UNUSED_FUNCTION = YES;
				GCC_WARN_UNUSED_VARIABLE = YES;
				IPHONEOS_DEPLOYMENT_TARGET = 14.2;
				MTL_ENABLE_DEBUG_INFO = NO;
				MTL_FAST_MATH = YES;
				SDKROOT = iphoneos;
				SWIFT_COMPILATION_MODE = wholemodule;
				SWIFT_OPTIMIZATION_LEVEL = "-O";
				VALIDATE_PRODUCT = YES;
			};
			name = Release;
		};
		F62360082614244500C74916 /* Debug */ = {
			isa = XCBuildConfiguration;
			baseConfigurationReference = A82410B3A4B15524137D980E /* Pods-iphone-engineer-matching.debug.xcconfig */;
			buildSettings = {
				ASSETCATALOG_COMPILER_APPICON_NAME = AppIcon;
				ASSETCATALOG_COMPILER_GLOBAL_ACCENT_COLOR_NAME = AccentColor;
				CODE_SIGN_STYLE = Automatic;
				INFOPLIST_FILE = "iphone-engineer-matching/Info.plist";
				LD_RUNPATH_SEARCH_PATHS = (
					"$(inherited)",
					"@executable_path/Frameworks",
				);
				PRODUCT_BUNDLE_IDENTIFIER = "jp.techacademy.hiroshi.tokudomi.iphone-engineer-matching";
				PRODUCT_NAME = "$(TARGET_NAME)";
				SWIFT_VERSION = 5.0;
				TARGETED_DEVICE_FAMILY = "1,2";
			};
			name = Debug;
		};
		F62360092614244500C74916 /* Release */ = {
			isa = XCBuildConfiguration;
			baseConfigurationReference = B740298D4BCD1B3D3B88B63D /* Pods-iphone-engineer-matching.release.xcconfig */;
			buildSettings = {
				ASSETCATALOG_COMPILER_APPICON_NAME = AppIcon;
				ASSETCATALOG_COMPILER_GLOBAL_ACCENT_COLOR_NAME = AccentColor;
				CODE_SIGN_STYLE = Automatic;
				INFOPLIST_FILE = "iphone-engineer-matching/Info.plist";
				LD_RUNPATH_SEARCH_PATHS = (
					"$(inherited)",
					"@executable_path/Frameworks",
				);
				PRODUCT_BUNDLE_IDENTIFIER = "jp.techacademy.hiroshi.tokudomi.iphone-engineer-matching";
				PRODUCT_NAME = "$(TARGET_NAME)";
				SWIFT_VERSION = 5.0;
				TARGETED_DEVICE_FAMILY = "1,2";
			};
			name = Release;
		};
/* End XCBuildConfiguration section */

/* Begin XCConfigurationList section */
		F6235FEE2614244400C74916 /* Build configuration list for PBXProject "iphone-engineer-matching" */ = {
			isa = XCConfigurationList;
			buildConfigurations = (
				F62360052614244500C74916 /* Debug */,
				F62360062614244500C74916 /* Release */,
			);
			defaultConfigurationIsVisible = 0;
			defaultConfigurationName = Release;
		};
		F62360072614244500C74916 /* Build configuration list for PBXNativeTarget "iphone-engineer-matching" */ = {
			isa = XCConfigurationList;
			buildConfigurations = (
				F62360082614244500C74916 /* Debug */,
				F62360092614244500C74916 /* Release */,
			);
			defaultConfigurationIsVisible = 0;
			defaultConfigurationName = Release;
		};
/* End XCConfigurationList section */
	};
	rootObject = F6235FEB2614244400C74916 /* Project object */;
}
